
Microsoft Visual Studio Solution File, Format Version 12.00
# Visual Studio 15
VisualStudioVersion = 15.0.28307.271
MinimumVisualStudioVersion = 10.0.40219.1
Project("{FAE04EC0-301F-11D3-BF4B-00C04F79EFBC}") = "Binary_Search", "Binary_Search\Binary_Search.csproj", "{CFAB3412-881E-439C-A4CF-40D58CDF80CA}"
EndProject
Global
	GlobalSection(SolutionConfigurationPlatforms) = preSolution
		Debug|Any CPU = Debug|Any CPU
		Release|Any CPU = Release|Any CPU
	EndGlobalSection
	GlobalSection(ProjectConfigurationPlatforms) = postSolution
		{CFAB3412-881E-439C-A4CF-40D58CDF80CA}.Debug|Any CPU.ActiveCfg = Debug|Any CPU
		{CFAB3412-881E-439C-A4CF-40D58CDF80CA}.Debug|Any CPU.Build.0 = Debug|Any CPU
		{CFAB3412-881E-439C-A4CF-40D58CDF80CA}.Release|Any CPU.ActiveCfg = Release|Any CPU
		{CFAB3412-881E-439C-A4CF-40D58CDF80CA}.Release|Any CPU.Build.0 = Release|Any CPU
	EndGlobalSection
	GlobalSection(SolutionProperties) = preSolution
		HideSolutionNode = FALSE
	EndGlobalSection
	GlobalSection(ExtensibilityGlobals) = postSolution
		SolutionGuid = {9FC5E64D-FC41-4104-AB1F-CCB670BCD3DB}
	EndGlobalSection
EndGlobal
